
Microsoft Visual Studio Solution File, Format Version 12.00
# Visual Studio Version 17
VisualStudioVersion = 17.12.35527.113 d17.12
MinimumVisualStudioVersion = 10.0.40219.1
Project("{FAE04EC0-301F-11D3-BF4B-00C04F79EFBC}") = "test1234", "test1234\test1234.csproj", "{F526CD8B-096C-48F0-81A1-18827CA23557}"
EndProject
Global
	GlobalSection(SolutionConfigurationPlatforms) = preSolution
		Debug|Any CPU = Debug|Any CPU
		Release|Any CPU = Release|Any CPU
	EndGlobalSection
	GlobalSection(ProjectConfigurationPlatforms) = postSolution
		{F526CD8B-096C-48F0-81A1-18827CA23557}.Debug|Any CPU.ActiveCfg = Debug|Any CPU
		{F526CD8B-096C-48F0-81A1-18827CA23557}.Debug|Any CPU.Build.0 = Debug|Any CPU
		{F526CD8B-096C-48F0-81A1-18827CA23557}.Release|Any CPU.ActiveCfg = Release|Any CPU
		{F526CD8B-096C-48F0-81A1-18827CA23557}.Release|Any CPU.Build.0 = Release|Any CPU
	EndGlobalSection
	GlobalSection(SolutionProperties) = preSolution
		HideSolutionNode = FALSE
	EndGlobalSection
EndGlobal
